
Microsoft Visual Studio Solution File, Format Version 12.00
# Visual Studio Version 17
VisualStudioVersion = 17.0.32014.148
MinimumVisualStudioVersion = 10.0.40219.1
Project("{FAE04EC0-301F-11D3-BF4B-00C04F79EFBC}") = "DelegatesAndEvents", "DelegatesAndEvents\DelegatesAndEvents.csproj", "{6104EC33-45D5-443D-BB01-208604094AF5}"
EndProject
Global
	GlobalSection(SolutionConfigurationPlatforms) = preSolution
		Debug|Any CPU = Debug|Any CPU
		Release|Any CPU = Release|Any CPU
	EndGlobalSection
	GlobalSection(ProjectConfigurationPlatforms) = postSolution
		{6104EC33-45D5-443D-BB01-208604094AF5}.Debug|Any CPU.ActiveCfg = Debug|Any CPU
		{6104EC33-45D5-443D-BB01-208604094AF5}.Debug|Any CPU.Build.0 = Debug|Any CPU
		{6104EC33-45D5-443D-BB01-208604094AF5}.Release|Any CPU.ActiveCfg = Release|Any CPU
		{6104EC33-45D5-443D-BB01-208604094AF5}.Release|Any CPU.Build.0 = Release|Any CPU
	EndGlobalSection
	GlobalSection(SolutionProperties) = preSolution
		HideSolutionNode = FALSE
	EndGlobalSection
	GlobalSection(ExtensibilityGlobals) = postSolution
		SolutionGuid = {81E54F5D-7647-4D05-ACBB-0512F617F83B}
	EndGlobalSection
EndGlobal
